
Microsoft Visual Studio Solution File, Format Version 12.00
# Visual Studio 15
VisualStudioVersion = 15.0.33529.398
MinimumVisualStudioVersion = 10.0.40219.1
Project("{FAE04EC0-301F-11D3-BF4B-00C04F79EFBC}") = "BookingAgency", "BookingAgency\BookingAgency.csproj", "{03F3F9C0-7449-4FE0-BD08-AFA92C807696}"
EndProject
Project("{FAE04EC0-301F-11D3-BF4B-00C04F79EFBC}") = "BookingAgencyTest", "BookingAgencyTest\BookingAgencyTest.csproj", "{92D02029-F9F0-440B-9B6B-4BFC0E45BD46}"
EndProject
Global
	GlobalSection(SolutionConfigurationPlatforms) = preSolution
		Debug|Any CPU = Debug|Any CPU
		Release|Any CPU = Release|Any CPU
	EndGlobalSection
	GlobalSection(ProjectConfigurationPlatforms) = postSolution
		{03F3F9C0-7449-4FE0-BD08-AFA92C807696}.Debug|Any CPU.ActiveCfg = Debug|Any CPU
		{03F3F9C0-7449-4FE0-BD08-AFA92C807696}.Debug|Any CPU.Build.0 = Debug|Any CPU
		{03F3F9C0-7449-4FE0-BD08-AFA92C807696}.Release|Any CPU.ActiveCfg = Release|Any CPU
		{03F3F9C0-7449-4FE0-BD08-AFA92C807696}.Release|Any CPU.Build.0 = Release|Any CPU
		{92D02029-F9F0-440B-9B6B-4BFC0E45BD46}.Debug|Any CPU.ActiveCfg = Debug|Any CPU
		{92D02029-F9F0-440B-9B6B-4BFC0E45BD46}.Debug|Any CPU.Build.0 = Debug|Any CPU
		{92D02029-F9F0-440B-9B6B-4BFC0E45BD46}.Release|Any CPU.ActiveCfg = Release|Any CPU
		{92D02029-F9F0-440B-9B6B-4BFC0E45BD46}.Release|Any CPU.Build.0 = Release|Any CPU
	EndGlobalSection
	GlobalSection(SolutionProperties) = preSolution
		HideSolutionNode = FALSE
	EndGlobalSection
	GlobalSection(ExtensibilityGlobals) = postSolution
		SolutionGuid = {B9C417ED-30B8-473D-BEC6-F358F19F12AB}
	EndGlobalSection
EndGlobal
